
Microsoft Visual Studio Solution File, Format Version 12.00
# Visual Studio Version 17
VisualStudioVersion = 17.0.31903.59
MinimumVisualStudioVersion = 10.0.40219.1
Project("{2150E333-8FDC-42A3-9474-1A3956D46DE8}") = "src", "src", "{E0662EA6-8351-4F6B-B379-2364288C17D2}"
EndProject
Project("{FAE04EC0-301F-11D3-BF4B-00C04F79EFBC}") = "PUG.Core", "src\PUG.Core\PUG.Core.csproj", "{B80DF79E-1AD4-47A9-B467-57603F2910D3}"
EndProject
Project("{2150E333-8FDC-42A3-9474-1A3956D46DE8}") = "tests", "tests", "{2E078106-6BB8-4E24-905C-2474E8A49189}"
EndProject
Project("{FAE04EC0-301F-11D3-BF4B-00C04F79EFBC}") = "PUG.Core.Tests", "tests\PUG.Core.Tests\PUG.Core.Tests.csproj", "{650BEF11-B743-4176-8C57-F3600E32F8DF}"
EndProject
Project("{FAE04EC0-301F-11D3-BF4B-00C04F79EFBC}") = "PUG.Redis", "src\PUG.Redis\PUG.Redis.csproj", "{833C1B4D-4692-40F3-B2A7-2836E558549E}"
EndProject
Project("{FAE04EC0-301F-11D3-BF4B-00C04F79EFBC}") = "PUG.Redis.Tests", "tests\PUG.Redis.Tests\PUG.Redis.Tests.csproj", "{3A82EA68-8EB8-4E9B-96E0-DC9642972C26}"
EndProject
Project("{FAE04EC0-301F-11D3-BF4B-00C04F79EFBC}") = "PUG.Ensemble", "src\PUG.Ensemble\PUG.Ensemble.csproj", "{3BA27C32-E7E8-4C9E-8466-4E3CB5F351B7}"
EndProject
Project("{FAE04EC0-301F-11D3-BF4B-00C04F79EFBC}") = "PUG.Ensemble.Tests", "tests\PUG.Ensemble.Tests\PUG.Ensemble.Tests.csproj", "{69CA91BF-5448-4BB8-9C49-2DF918AB7C6C}"
EndProject
Project("{2150E333-8FDC-42A3-9474-1A3956D46DE8}") = "samples", "samples", "{5D20AA90-6969-D8BD-9DCD-8634F4692FDA}"
EndProject
Project("{2150E333-8FDC-42A3-9474-1A3956D46DE8}") = "PugPong", "PugPong", "{F19DF1F7-18EF-9E1C-1EE5-F09ED9C70FC9}"
EndProject
Project("{2150E333-8FDC-42A3-9474-1A3956D46DE8}") = "Matchmaker", "Matchmaker", "{E87D5EF5-F64A-CF51-DC5B-AB427588DC6C}"
EndProject
Project("{FAE04EC0-301F-11D3-BF4B-00C04F79EFBC}") = "PugPong.Matchmaker", "samples\PugPong\Matchmaker\PugPong.Matchmaker.csproj", "{275EB789-C5A6-4EED-B719-CCC09EE5E585}"
EndProject
Project("{FAE04EC0-301F-11D3-BF4B-00C04F79EFBC}") = "PUG.Netcode", "src\PUG.Netcode\PUG.Netcode.csproj", "{C59F09DC-996A-4746-B7F0-ABDB24AECD26}"
EndProject
Project("{FAE04EC0-301F-11D3-BF4B-00C04F79EFBC}") = "PUG.Netcode.Tests", "tests\PUG.Netcode.Tests\PUG.Netcode.Tests.csproj", "{FD22737A-D45E-4881-ADBE-6514F5F6DB9B}"
EndProject
Global
	GlobalSection(SolutionConfigurationPlatforms) = preSolution
		Debug|Any CPU = Debug|Any CPU
		Debug|x64 = Debug|x64
		Debug|x86 = Debug|x86
		Release|Any CPU = Release|Any CPU
		Release|x64 = Release|x64
		Release|x86 = Release|x86
	EndGlobalSection
	GlobalSection(ProjectConfigurationPlatforms) = postSolution
		{B80DF79E-1AD4-47A9-B467-57603F2910D3}.Debug|Any CPU.ActiveCfg = Debug|Any CPU
		{B80DF79E-1AD4-47A9-B467-57603F2910D3}.Debug|Any CPU.Build.0 = Debug|Any CPU
		{B80DF79E-1AD4-47A9-B467-57603F2910D3}.Debug|x64.ActiveCfg = Debug|Any CPU
		{B80DF79E-1AD4-47A9-B467-57603F2910D3}.Debug|x64.Build.0 = Debug|Any CPU
		{B80DF79E-1AD4-47A9-B467-57603F2910D3}.Debug|x86.ActiveCfg = Debug|Any CPU
		{B80DF79E-1AD4-47A9-B467-57603F2910D3}.Debug|x86.Build.0 = Debug|Any CPU
		{B80DF79E-1AD4-47A9-B467-57603F2910D3}.Release|Any CPU.ActiveCfg = Release|Any CPU
		{B80DF79E-1AD4-47A9-B467-57603F2910D3}.Release|Any CPU.Build.0 = Release|Any CPU
		{B80DF79E-1AD4-47A9-B467-57603F2910D3}.Release|x64.ActiveCfg = Release|Any CPU
		{B80DF79E-1AD4-47A9-B467-57603F2910D3}.Release|x64.Build.0 = Release|Any CPU
		{B80DF79E-1AD4-47A9-B467-57603F2910D3}.Release|x86.ActiveCfg = Release|Any CPU
		{B80DF79E-1AD4-47A9-B467-57603F2910D3}.Release|x86.Build.0 = Release|Any CPU
		{650BEF11-B743-4176-8C57-F3600E32F8DF}.Debug|Any CPU.ActiveCfg = Debug|Any CPU
		{650BEF11-B743-4176-8C57-F3600E32F8DF}.Debug|Any CPU.Build.0 = Debug|Any CPU
		{650BEF11-B743-4176-8C57-F3600E32F8DF}.Debug|x64.ActiveCfg = Debug|Any CPU
		{650BEF11-B743-4176-8C57-F3600E32F8DF}.Debug|x64.Build.0 = Debug|Any CPU
		{650BEF11-B743-4176-8C57-F3600E32F8DF}.Debug|x86.ActiveCfg = Debug|Any CPU
		{650BEF11-B743-4176-8C57-F3600E32F8DF}.Debug|x86.Build.0 = Debug|Any CPU
		{650BEF11-B743-4176-8C57-F3600E32F8DF}.Release|Any CPU.ActiveCfg = Release|Any CPU
		{650BEF11-B743-4176-8C57-F3600E32F8DF}.Release|Any CPU.Build.0 = Release|Any CPU
		{650BEF11-B743-4176-8C57-F3600E32F8DF}.Release|x64.ActiveCfg = Release|Any CPU
		{650BEF11-B743-4176-8C57-F3600E32F8DF}.Release|x64.Build.0 = Release|Any CPU
		{650BEF11-B743-4176-8C57-F3600E32F8DF}.Release|x86.ActiveCfg = Release|Any CPU
		{650BEF11-B743-4176-8C57-F3600E32F8DF}.Release|x86.Build.0 = Release|Any CPU
		{833C1B4D-4692-40F3-B2A7-2836E558549E}.Debug|Any CPU.ActiveCfg = Debug|Any CPU
		{833C1B4D-4692-40F3-B2A7-2836E558549E}.Debug|Any CPU.Build.0 = Debug|Any CPU
		{833C1B4D-4692-40F3-B2A7-2836E558549E}.Debug|x64.ActiveCfg = Debug|Any CPU
		{833C1B4D-4692-40F3-B2A7-2836E558549E}.Debug|x64.Build.0 = Debug|Any CPU
		{833C1B4D-4692-40F3-B2A7-2836E558549E}.Debug|x86.ActiveCfg = Debug|Any CPU
		{833C1B4D-4692-40F3-B2A7-2836E558549E}.Debug|x86.Build.0 = Debug|Any CPU
		{833C1B4D-4692-40F3-B2A7-2836E558549E}.Release|Any CPU.ActiveCfg = Release|Any CPU
		{833C1B4D-4692-40F3-B2A7-2836E558549E}.Release|Any CPU.Build.0 = Release|Any CPU
		{833C1B4D-4692-40F3-B2A7-2836E558549E}.Release|x64.ActiveCfg = Release|Any CPU
		{833C1B4D-4692-40F3-B2A7-2836E558549E}.Release|x64.Build.0 = Release|Any CPU
		{833C1B4D-4692-40F3-B2A7-2836E558549E}.Release|x86.ActiveCfg = Release|Any CPU
		{833C1B4D-4692-40F3-B2A7-2836E558549E}.Release|x86.Build.0 = Release|Any CPU
		{3A82EA68-8EB8-4E9B-96E0-DC9642972C26}.Debug|Any CPU.ActiveCfg = Debug|Any CPU
		{3A82EA68-8EB8-4E9B-96E0-DC9642972C26}.Debug|Any CPU.Build.0 = Debug|Any CPU
		{3A82EA68-8EB8-4E9B-96E0-DC9642972C26}.Debug|x64.ActiveCfg = Debug|Any CPU
		{3A82EA68-8EB8-4E9B-96E0-DC9642972C26}.Debug|x64.Build.0 = Debug|Any CPU
		{3A82EA68-8EB8-4E9B-96E0-DC9642972C26}.Debug|x86.ActiveCfg = Debug|Any CPU
		{3A82EA68-8EB8-4E9B-96E0-DC9642972C26}.Debug|x86.Build.0 = Debug|Any CPU
		{3A82EA68-8EB8-4E9B-96E0-DC9642972C26}.Release|Any CPU.ActiveCfg = Release|Any CPU
		{3A82EA68-8EB8-4E9B-96E0-DC9642972C26}.Release|Any CPU.Build.0 = Release|Any CPU
		{3A82EA68-8EB8-4E9B-96E0-DC9642972C26}.Release|x64.ActiveCfg = Release|Any CPU
		{3A82EA68-8EB8-4E9B-96E0-DC9642972C26}.Release|x64.Build.0 = Release|Any CPU
		{3A82EA68-8EB8-4E9B-96E0-DC9642972C26}.Release|x86.ActiveCfg = Release|Any CPU
		{3A82EA68-8EB8-4E9B-96E0-DC9642972C26}.Release|x86.Build.0 = Release|Any CPU
		{3BA27C32-E7E8-4C9E-8466-4E3CB5F351B7}.Debug|Any CPU.ActiveCfg = Debug|Any CPU
		{3BA27C32-E7E8-4C9E-8466-4E3CB5F351B7}.Debug|Any CPU.Build.0 = Debug|Any CPU
		{3BA27C32-E7E8-4C9E-8466-4E3CB5F351B7}.Debug|x64.ActiveCfg = Debug|Any CPU
		{3BA27C32-E7E8-4C9E-8466-4E3CB5F351B7}.Debug|x64.Build.0 = Debug|Any CPU
		{3BA27C32-E7E8-4C9E-8466-4E3CB5F351B7}.Debug|x86.ActiveCfg = Debug|Any CPU
		{3BA27C32-E7E8-4C9E-8466-4E3CB5F351B7}.Debug|x86.Build.0 = Debug|Any CPU
		{3BA27C32-E7E8-4C9E-8466-4E3CB5F351B7}.Release|Any CPU.ActiveCfg = Release|Any CPU
		{3BA27C32-E7E8-4C9E-8466-4E3CB5F351B7}.Release|Any CPU.Build.0 = Release|Any CPU
		{3BA27C32-E7E8-4C9E-8466-4E3CB5F351B7}.Release|x64.ActiveCfg = Release|Any CPU
		{3BA27C32-E7E8-4C9E-8466-4E3CB5F351B7}.Release|x64.Build.0 = Release|Any CPU
		{3BA27C32-E7E8-4C9E-8466-4E3CB5F351B7}.Release|x86.ActiveCfg = Release|Any CPU
		{3BA27C32-E7E8-4C9E-8466-4E3CB5F351B7}.Release|x86.Build.0 = Release|Any CPU
		{69CA91BF-5448-4BB8-9C49-2DF918AB7C6C}.Debug|Any CPU.ActiveCfg = Debug|Any CPU
		{69CA91BF-5448-4BB8-9C49-2DF918AB7C6C}.Debug|Any CPU.Build.0 = Debug|Any CPU
		{69CA91BF-5448-4BB8-9C49-2DF918AB7C6C}.Debug|x64.ActiveCfg = Debug|Any CPU
		{69CA91BF-5448-4BB8-9C49-2DF918AB7C6C}.Debug|x64.Build.0 = Debug|Any CPU
		{69CA91BF-5448-4BB8-9C49-2DF918AB7C6C}.Debug|x86.ActiveCfg = Debug|Any CPU
		{69CA91BF-5448-4BB8-9C49-2DF918AB7C6C}.Debug|x86.Build.0 = Debug|Any CPU
		{69CA91BF-5448-4BB8-9C49-2DF918AB7C6C}.Release|Any CPU.ActiveCfg = Release|Any CPU
		{69CA91BF-5448-4BB8-9C49-2DF918AB7C6C}.Release|Any CPU.Build.0 = Release|Any CPU
		{69CA91BF-5448-4BB8-9C49-2DF918AB7C6C}.Release|x64.ActiveCfg = Release|Any CPU
		{69CA91BF-5448-4BB8-9C49-2DF918AB7C6C}.Release|x64.Build.0 = Release|Any CPU
		{69CA91BF-5448-4BB8-9C49-2DF918AB7C6C}.Release|x86.ActiveCfg = Release|Any CPU
		{69CA91BF-5448-4BB8-9C49-2DF918AB7C6C}.Release|x86.Build.0 = Release|Any CPU
		{275EB789-C5A6-4EED-B719-CCC09EE5E585}.Debug|Any CPU.ActiveCfg = Debug|Any CPU
		{275EB789-C5A6-4EED-B719-CCC09EE5E585}.Debug|Any CPU.Build.0 = Debug|Any CPU
		{275EB789-C5A6-4EED-B719-CCC09EE5E585}.Debug|x64.ActiveCfg = Debug|Any CPU
		{275EB789-C5A6-4EED-B719-CCC09EE5E585}.Debug|x64.Build.0 = Debug|Any CPU
		{275EB789-C5A6-4EED-B719-CCC09EE5E585}.Debug|x86.ActiveCfg = Debug|Any CPU
		{275EB789-C5A6-4EED-B719-CCC09EE5E585}.Debug|x86.Build.0 = Debug|Any CPU
		{275EB789-C5A6-4EED-B719-CCC09EE5E585}.Release|Any CPU.ActiveCfg = Release|Any CPU
		{275EB789-C5A6-4EED-B719-CCC09EE5E585}.Release|Any CPU.Build.0 = Release|Any CPU
		{275EB789-C5A6-4EED-B719-CCC09EE5E585}.Release|x64.ActiveCfg = Release|Any CPU
		{275EB789-C5A6-4EED-B719-CCC09EE5E585}.Release|x64.Build.0 = Release|Any CPU
		{275EB789-C5A6-4EED-B719-CCC09EE5E585}.Release|x86.ActiveCfg = Release|Any CPU
		{275EB789-C5A6-4EED-B719-CCC09EE5E585}.Release|x86.Build.0 = Release|Any CPU
		{C59F09DC-996A-4746-B7F0-ABDB24AECD26}.Debug|Any CPU.ActiveCfg = Debug|Any CPU
		{C59F09DC-996A-4746-B7F0-ABDB24AECD26}.Debug|Any CPU.Build.0 = Debug|Any CPU
		{C59F09DC-996A-4746-B7F0-ABDB24AECD26}.Debug|x64.ActiveCfg = Debug|Any CPU
		{C59F09DC-996A-4746-B7F0-ABDB24AECD26}.Debug|x64.Build.0 = Debug|Any CPU
		{C59F09DC-996A-4746-B7F0-ABDB24AECD26}.Debug|x86.ActiveCfg = Debug|Any CPU
		{C59F09DC-996A-4746-B7F0-ABDB24AECD26}.Debug|x86.Build.0 = Debug|Any CPU
		{C59F09DC-996A-4746-B7F0-ABDB24AECD26}.Release|Any CPU.ActiveCfg = Release|Any CPU
		{C59F09DC-996A-4746-B7F0-ABDB24AECD26}.Release|Any CPU.Build.0 = Release|Any CPU
		{C59F09DC-996A-4746-B7F0-ABDB24AECD26}.Release|x64.ActiveCfg = Release|Any CPU
		{C59F09DC-996A-4746-B7F0-ABDB24AECD26}.Release|x64.Build.0 = Release|Any CPU
		{C59F09DC-996A-4746-B7F0-ABDB24AECD26}.Release|x86.ActiveCfg = Release|Any CPU
		{C59F09DC-996A-4746-B7F0-ABDB24AECD26}.Release|x86.Build.0 = Release|Any CPU
		{FD22737A-D45E-4881-ADBE-6514F5F6DB9B}.Debug|Any CPU.ActiveCfg = Debug|Any CPU
		{FD22737A-D45E-4881-ADBE-6514F5F6DB9B}.Debug|Any CPU.Build.0 = Debug|Any CPU
		{FD22737A-D45E-4881-ADBE-6514F5F6DB9B}.Debug|x64.ActiveCfg = Debug|Any CPU
		{FD22737A-D45E-4881-ADBE-6514F5F6DB9B}.Debug|x64.Build.0 = Debug|Any CPU
		{FD22737A-D45E-4881-ADBE-6514F5F6DB9B}.Debug|x86.ActiveCfg = Debug|Any CPU
		{FD22737A-D45E-4881-ADBE-6514F5F6DB9B}.Debug|x86.Build.0 = Debug|Any CPU
		{FD22737A-D45E-4881-ADBE-6514F5F6DB9B}.Release|Any CPU.ActiveCfg = Release|Any CPU
		{FD22737A-D45E-4881-ADBE-6514F5F6DB9B}.Release|Any CPU.Build.0 = Release|Any CPU
		{FD22737A-D45E-4881-ADBE-6514F5F6DB9B}.Release|x64.ActiveCfg = Release|Any CPU
		{FD22737A-D45E-4881-ADBE-6514F5F6DB9B}.Release|x64.Build.0 = Release|Any CPU
		{FD22737A-D45E-4881-ADBE-6514F5F6DB9B}.Release|x86.ActiveCfg = Release|Any CPU
		{FD22737A-D45E-4881-ADBE-6514F5F6DB9B}.Release|x86.Build.0 = Release|Any CPU
	EndGlobalSection
	GlobalSection(SolutionProperties) = preSolution
		HideSolutionNode = FALSE
	EndGlobalSection
	GlobalSection(NestedProjects) = preSolution
		{B80DF79E-1AD4-47A9-B467-57603F2910D3} = {E0662EA6-8351-4F6B-B379-2364288C17D2}
		{650BEF11-B743-4176-8C57-F3600E32F8DF} = {2E078106-6BB8-4E24-905C-2474E8A49189}
		{833C1B4D-4692-40F3-B2A7-2836E558549E} = {E0662EA6-8351-4F6B-B379-2364288C17D2}
		{3A82EA68-8EB8-4E9B-96E0-DC9642972C26} = {2E078106-6BB8-4E24-905C-2474E8A49189}
		{3BA27C32-E7E8-4C9E-8466-4E3CB5F351B7} = {E0662EA6-8351-4F6B-B379-2364288C17D2}
		{69CA91BF-5448-4BB8-9C49-2DF918AB7C6C} = {2E078106-6BB8-4E24-905C-2474E8A49189}
		{F19DF1F7-18EF-9E1C-1EE5-F09ED9C70FC9} = {5D20AA90-6969-D8BD-9DCD-8634F4692FDA}
		{E87D5EF5-F64A-CF51-DC5B-AB427588DC6C} = {F19DF1F7-18EF-9E1C-1EE5-F09ED9C70FC9}
		{275EB789-C5A6-4EED-B719-CCC09EE5E585} = {E87D5EF5-F64A-CF51-DC5B-AB427588DC6C}
		{C59F09DC-996A-4746-B7F0-ABDB24AECD26} = {E0662EA6-8351-4F6B-B379-2364288C17D2}
		{FD22737A-D45E-4881-ADBE-6514F5F6DB9B} = {2E078106-6BB8-4E24-905C-2474E8A49189}
	EndGlobalSection
EndGlobal
